
Microsoft Visual Studio Solution File, Format Version 12.00
Project("{FAE04EC0-301F-11D3-BF4B-00C04F79EFBC}") = "CardLearningAPI", "CardLearningAPI\CardLearningAPI.csproj", "{A06BA652-7A75-450B-98B4-A9934C743C08}"
EndProject
Project("{FAE04EC0-301F-11D3-BF4B-00C04F79EFBC}") = "CardLearningAPI.Tests", "CardLearningAPI.Tests\CardLearningAPI.Tests.csproj", "{D9B91B06-B427-4BD3-86E4-F4F2B4E005E0}"
EndProject
Global
	GlobalSection(SolutionConfigurationPlatforms) = preSolution
		Debug|Any CPU = Debug|Any CPU
		Release|Any CPU = Release|Any CPU
	EndGlobalSection
	GlobalSection(ProjectConfigurationPlatforms) = postSolution
		{A06BA652-7A75-450B-98B4-A9934C743C08}.Debug|Any CPU.ActiveCfg = Debug|Any CPU
		{A06BA652-7A75-450B-98B4-A9934C743C08}.Debug|Any CPU.Build.0 = Debug|Any CPU
		{A06BA652-7A75-450B-98B4-A9934C743C08}.Release|Any CPU.ActiveCfg = Release|Any CPU
		{A06BA652-7A75-450B-98B4-A9934C743C08}.Release|Any CPU.Build.0 = Release|Any CPU
		{D9B91B06-B427-4BD3-86E4-F4F2B4E005E0}.Debug|Any CPU.ActiveCfg = Debug|Any CPU
		{D9B91B06-B427-4BD3-86E4-F4F2B4E005E0}.Debug|Any CPU.Build.0 = Debug|Any CPU
		{D9B91B06-B427-4BD3-86E4-F4F2B4E005E0}.Release|Any CPU.ActiveCfg = Release|Any CPU
		{D9B91B06-B427-4BD3-86E4-F4F2B4E005E0}.Release|Any CPU.Build.0 = Release|Any CPU
	EndGlobalSection
EndGlobal
